
Microsoft Visual Studio Solution File, Format Version 12.00
# Visual Studio Version 17
VisualStudioVersion = 17.14.36408.4 d17.14
MinimumVisualStudioVersion = 10.0.40219.1
Project("{FAE04EC0-301F-11D3-BF4B-00C04F79EFBC}") = "ArtZada", "ArtZada.csproj", "{8722F6EC-1A95-445F-8913-9B054C1A782B}"
EndProject
Global
	GlobalSection(SolutionConfigurationPlatforms) = preSolution
		Debug|Any CPU = Debug|Any CPU
		Release|Any CPU = Release|Any CPU
	EndGlobalSection
	GlobalSection(ProjectConfigurationPlatforms) = postSolution
		{8722F6EC-1A95-445F-8913-9B054C1A782B}.Debug|Any CPU.ActiveCfg = Debug|Any CPU
		{8722F6EC-1A95-445F-8913-9B054C1A782B}.Debug|Any CPU.Build.0 = Debug|Any CPU
		{8722F6EC-1A95-445F-8913-9B054C1A782B}.Release|Any CPU.ActiveCfg = Release|Any CPU
		{8722F6EC-1A95-445F-8913-9B054C1A782B}.Release|Any CPU.Build.0 = Release|Any CPU
	EndGlobalSection
	GlobalSection(SolutionProperties) = preSolution
		HideSolutionNode = FALSE
	EndGlobalSection
	GlobalSection(ExtensibilityGlobals) = postSolution
		SolutionGuid = {C617A89D-EB1E-44C0-96B8-FEC571C37F6C}
	EndGlobalSection
EndGlobal
